
Microsoft Visual Studio Solution File, Format Version 12.00
# Visual Studio Version 16
VisualStudioVersion = 16.0.29001.49
MinimumVisualStudioVersion = 10.0.40219.1
Project("{FAE04EC0-301F-11D3-BF4B-00C04F79EFBC}") = "ESMB-Intl-Admin-FB", "ESMB-Intl-Admin-FB.csproj", "{C31DC674-F1E1-4B72-B872-EB3DBC5FD19C}"
EndProject
Global
	GlobalSection(SolutionConfigurationPlatforms) = preSolution
		Debug|Any CPU = Debug|Any CPU
		Release|Any CPU = Release|Any CPU
	EndGlobalSection
	GlobalSection(ProjectConfigurationPlatforms) = postSolution
		{C31DC674-F1E1-4B72-B872-EB3DBC5FD19C}.Debug|Any CPU.ActiveCfg = Debug|Any CPU
		{C31DC674-F1E1-4B72-B872-EB3DBC5FD19C}.Debug|Any CPU.Build.0 = Debug|Any CPU
		{C31DC674-F1E1-4B72-B872-EB3DBC5FD19C}.Release|Any CPU.ActiveCfg = Release|Any CPU
		{C31DC674-F1E1-4B72-B872-EB3DBC5FD19C}.Release|Any CPU.Build.0 = Release|Any CPU
	EndGlobalSection
	GlobalSection(SolutionProperties) = preSolution
		HideSolutionNode = FALSE
	EndGlobalSection
	GlobalSection(ExtensibilityGlobals) = postSolution
		SolutionGuid = {23B6FB64-F3A4-40CA-BDE0-68D2A8CB7A8E}
	EndGlobalSection
EndGlobal
